// !$*UTF8*$!
{
	archiveVersion = 1;
	classes = {
	};
	objectVersion = 48;
	objects = {

/* Begin PBXBuildFile section */
		783EAE8E1F99E0000089DCEB /* AppDelegate.m in Sources */ = {isa = PBXBuildFile; fileRef = 783EAE8D1F99E0000089DCEB /* AppDelegate.m */; };
		783EAE911F99E0000089DCEB /* ViewController.m in Sources */ = {isa = PBXBuildFile; fileRef = 783EAE901F99E0000089DCEB /* ViewController.m */; };
		783EAE941F99E0000089DCEB /* Main.storyboard in Resources */ = {isa = PBXBuildFile; fileRef = 783EAE921F99E0000089DCEB /* Main.storyboard */; };
		783EAE961F99E0000089DCEB /* Assets.xcassets in Resources */ = {isa = PBXBuildFile; fileRef = 783EAE951F99E0000089DCEB /* Assets.xcassets */; };
		783EAE991F99E0000089DCEB /* LaunchScreen.storyboard in Resources */ = {isa = PBXBuildFile; fileRef = 783EAE971F99E0000089DCEB /* LaunchScreen.storyboard */; };
		783EAE9C1F99E0000089DCEB /* main.m in Sources */ = {isa = PBXBuildFile; fileRef = 783EAE9B1F99E0000089DCEB /* main.m */; };
		783EAEA61F99E0000089DCEB /* JacobWechatMomentsTests.m in Sources */ = {isa = PBXBuildFile; fileRef = 783EAEA51F99E0000089DCEB /* JacobWechatMomentsTests.m */; };
		783EAEB11F99E0000089DCEB /* JacobWechatMomentsUITests.m in Sources */ = {isa = PBXBuildFile; fileRef = 783EAEB01F99E0000089DCEB /* JacobWechatMomentsUITests.m */; };
		783EAEC81F99EDFE0089DCEB /* JCMomentsViewController.m in Sources */ = {isa = PBXBuildFile; fileRef = 783EAEC71F99EDFE0089DCEB /* JCMomentsViewController.m */; };
		783EAECC1F99F13F0089DCEB /* JCRequest.m in Sources */ = {isa = PBXBuildFile; fileRef = 783EAECB1F99F13F0089DCEB /* JCRequest.m */; };
		783EAECF1F9B14D70089DCEB /* JCGetUserRequest.m in Sources */ = {isa = PBXBuildFile; fileRef = 783EAECE1F9B14D70089DCEB /* JCGetUserRequest.m */; };
		783EAED21F9B15AF0089DCEB /* JCGetTweetsRequest.m in Sources */ = {isa = PBXBuildFile; fileRef = 783EAED11F9B15AF0089DCEB /* JCGetTweetsRequest.m */; };
		783EAED51F9B169F0089DCEB /* JCMomentsRequestManager.m in Sources */ = {isa = PBXBuildFile; fileRef = 783EAED41F9B169F0089DCEB /* JCMomentsRequestManager.m */; };
		783EAED81F9B18110089DCEB /* JCNavigationViewController.m in Sources */ = {isa = PBXBuildFile; fileRef = 783EAED71F9B18110089DCEB /* JCNavigationViewController.m */; };
		783EAEDC1F9B1C6B0089DCEB /* JCMomentsViewModel.m in Sources */ = {isa = PBXBuildFile; fileRef = 783EAEDB1F9B1C6B0089DCEB /* JCMomentsViewModel.m */; };
		783EAEDF1F9B1DDE0089DCEB /* JCUserInfoModel.m in Sources */ = {isa = PBXBuildFile; fileRef = 783EAEDE1F9B1DDE0089DCEB /* JCUserInfoModel.m */; };
		783EAEE21F9B20A20089DCEB /* JCSingleTweetModel.m in Sources */ = {isa = PBXBuildFile; fileRef = 783EAEE11F9B20A20089DCEB /* JCSingleTweetModel.m */; };
		783EAEE51F9B215B0089DCEB /* JCMomentsSenderModel.m in Sources */ = {isa = PBXBuildFile; fileRef = 783EAEE41F9B215B0089DCEB /* JCMomentsSenderModel.m */; };
		783EAEE81F9B21F20089DCEB /* JCMomentsCommentModel.m in Sources */ = {isa = PBXBuildFile; fileRef = 783EAEE71F9B21F20089DCEB /* JCMomentsCommentModel.m */; };
		783EAEEB1F9B22250089DCEB /* JCMomentsImageModel.m in Sources */ = {isa = PBXBuildFile; fileRef = 783EAEEA1F9B22250089DCEB /* JCMomentsImageModel.m */; };
		783EAEEE1F9B28250089DCEB /* JCMomentsHeaderView.m in Sources */ = {isa = PBXBuildFile; fileRef = 783EAEED1F9B28250089DCEB /* JCMomentsHeaderView.m */; };
		783EAEF31F9B42140089DCEB /* UIImageView+ImageCache.m in Sources */ = {isa = PBXBuildFile; fileRef = 783EAEF21F9B42140089DCEB /* UIImageView+ImageCache.m */; };
		783EAEF61F9B45FD0089DCEB /* JCImageLoader.m in Sources */ = {isa = PBXBuildFile; fileRef = 783EAEF51F9B45FD0089DCEB /* JCImageLoader.m */; };
		783EAEF91F9B48970089DCEB /* JCImageCache.m in Sources */ = {isa = PBXBuildFile; fileRef = 783EAEF81F9B48970089DCEB /* JCImageCache.m */; };
		D923B2099B3969B36FB8261A /* libPods-JacobWechatMoments.a in Frameworks */ = {isa = PBXBuildFile; fileRef = 9EDF7235D672BC408165C2D0 /* libPods-JacobWechatMoments.a */; };
/* End PBXBuildFile section */

/* Begin PBXContainerItemProxy section */
		783EAEA21F99E0000089DCEB /* PBXContainerItemProxy */ = {
			isa = PBXContainerItemProxy;
			containerPortal = 783EAE811F99E0000089DCEB /* Project object */;
			proxyType = 1;
			remoteGlobalIDString = 783EAE881F99E0000089DCEB;
			remoteInfo = JacobWechatMoments;
		};
		783EAEAD1F99E0000089DCEB /* PBXContainerItemProxy */ = {
			isa = PBXContainerItemProxy;
			containerPortal = 783EAE811F99E0000089DCEB /* Project object */;
			proxyType = 1;
			remoteGlobalIDString = 783EAE881F99E0000089DCEB;
			remoteInfo = JacobWechatMoments;
		};
/* End PBXContainerItemProxy section */

/* Begin PBXFileReference section */
		1EFDA764F78BD5BB285C24A3 /* Pods-JacobWechatMoments.debug.xcconfig */ = {isa = PBXFileReference; includeInIndex = 1; lastKnownFileType = text.xcconfig; name = "Pods-JacobWechatMoments.debug.xcconfig"; path = "Pods/Target Support Files/Pods-JacobWechatMoments/Pods-JacobWechatMoments.debug.xcconfig"; sourceTree = "<group>"; };
		68E5047DEE1AD9D0006F77A7 /* Pods-JacobWechatMoments.release.xcconfig */ = {isa = PBXFileReference; includeInIndex = 1; lastKnownFileType = text.xcconfig; name = "Pods-JacobWechatMoments.release.xcconfig"; path = "Pods/Target Support Files/Pods-JacobWechatMoments/Pods-JacobWechatMoments.release.xcconfig"; sourceTree = "<group>"; };
		783EAE891F99E0000089DCEB /* JacobWechatMoments.app */ = {isa = PBXFileReference; explicitFileType = wrapper.application; includeInIndex = 0; path = JacobWechatMoments.app; sourceTree = BUILT_PRODUCTS_DIR; };
		783EAE8C1F99E0000089DCEB /* AppDelegate.h */ = {isa = PBXFileReference; lastKnownFileType = sourcecode.c.h; path = AppDelegate.h; sourceTree = "<group>"; };
		783EAE8D1F99E0000089DCEB /* AppDelegate.m */ = {isa = PBXFileReference; lastKnownFileType = sourcecode.c.objc; path = AppDelegate.m; sourceTree = "<group>"; };
		783EAE8F1F99E0000089DCEB /* ViewController.h */ = {isa = PBXFileReference; lastKnownFileType = sourcecode.c.h; path = ViewController.h; sourceTree = "<group>"; };
		783EAE901F99E0000089DCEB /* ViewController.m */ = {isa = PBXFileReference; lastKnownFileType = sourcecode.c.objc; path = ViewController.m; sourceTree = "<group>"; };
		783EAE931F99E0000089DCEB /* Base */ = {isa = PBXFileReference; lastKnownFileType = file.storyboard; name = Base; path = Base.lproj/Main.storyboard; sourceTree = "<group>"; };
		783EAE951F99E0000089DCEB /* Assets.xcassets */ = {isa = PBXFileReference; lastKnownFileType = folder.assetcatalog; path = Assets.xcassets; sourceTree = "<group>"; };
		783EAE981F99E0000089DCEB /* Base */ = {isa = PBXFileReference; lastKnownFileType = file.storyboard; name = Base; path = Base.lproj/LaunchScreen.storyboard; sourceTree = "<group>"; };
		783EAE9A1F99E0000089DCEB /* Info.plist */ = {isa = PBXFileReference; lastKnownFileType = text.plist.xml; path = Info.plist; sourceTree = "<group>"; };
		783EAE9B1F99E0000089DCEB /* main.m */ = {isa = PBXFileReference; lastKnownFileType = sourcecode.c.objc; path = main.m; sourceTree = "<group>"; };
		783EAEA11F99E0000089DCEB /* JacobWechatMomentsTests.xctest */ = {isa = PBXFileReference; explicitFileType = wrapper.cfbundle; includeInIndex = 0; path = JacobWechatMomentsTests.xctest; sourceTree = BUILT_PRODUCTS_DIR; };
		783EAEA51F99E0000089DCEB /* JacobWechatMomentsTests.m */ = {isa = PBXFileReference; lastKnownFileType = sourcecode.c.objc; path = JacobWechatMomentsTests.m; sourceTree = "<group>"; };
		783EAEA71F99E0000089DCEB /* Info.plist */ = {isa = PBXFileReference; lastKnownFileType = text.plist.xml; path = Info.plist; sourceTree = "<group>"; };
		783EAEAC1F99E0000089DCEB /* JacobWechatMomentsUITests.xctest */ = {isa = PBXFileReference; explicitFileType = wrapper.cfbundle; includeInIndex = 0; path = JacobWechatMomentsUITests.xctest; sourceTree = BUILT_PRODUCTS_DIR; };
		783EAEB01F99E0000089DCEB /* JacobWechatMomentsUITests.m */ = {isa = PBXFileReference; lastKnownFileType = sourcecode.c.objc; path = JacobWechatMomentsUITests.m; sourceTree = "<group>"; };
		783EAEB21F99E0000089DCEB /* Info.plist */ = {isa = PBXFileReference; lastKnownFileType = text.plist.xml; path = Info.plist; sourceTree = "<group>"; };
		783EAEBE1F99E81A0089DCEB /* PrefixHeader.pch */ = {isa = PBXFileReference; lastKnownFileType = sourcecode.c.h; path = PrefixHeader.pch; sourceTree = "<group>"; };
		783EAEC61F99EDFE0089DCEB /* JCMomentsViewController.h */ = {isa = PBXFileReference; lastKnownFileType = sourcecode.c.h; path = JCMomentsViewController.h; sourceTree = "<group>"; };
		783EAEC71F99EDFE0089DCEB /* JCMomentsViewController.m */ = {isa = PBXFileReference; lastKnownFileType = sourcecode.c.objc; path = JCMomentsViewController.m; sourceTree = "<group>"; };
		783EAECA1F99F13F0089DCEB /* JCRequest.h */ = {isa = PBXFileReference; lastKnownFileType = sourcecode.c.h; path = JCRequest.h; sourceTree = "<group>"; };
		783EAECB1F99F13F0089DCEB /* JCRequest.m */ = {isa = PBXFileReference; lastKnownFileType = sourcecode.c.objc; path = JCRequest.m; sourceTree = "<group>"; };
		783EAECD1F9B14D70089DCEB /* JCGetUserRequest.h */ = {isa = PBXFileReference; lastKnownFileType = sourcecode.c.h; path = JCGetUserRequest.h; sourceTree = "<group>"; };
		783EAECE1F9B14D70089DCEB /* JCGetUserRequest.m */ = {isa = PBXFileReference; lastKnownFileType = sourcecode.c.objc; path = JCGetUserRequest.m; sourceTree = "<group>"; };
		783EAED01F9B15AF0089DCEB /* JCGetTweetsRequest.h */ = {isa = PBXFileReference; lastKnownFileType = sourcecode.c.h; path = JCGetTweetsRequest.h; sourceTree = "<group>"; };
		783EAED11F9B15AF0089DCEB /* JCGetTweetsRequest.m */ = {isa = PBXFileReference; lastKnownFileType = sourcecode.c.objc; path = JCGetTweetsRequest.m; sourceTree = "<group>"; };
		783EAED31F9B169F0089DCEB /* JCMomentsRequestManager.h */ = {isa = PBXFileReference; lastKnownFileType = sourcecode.c.h; path = JCMomentsRequestManager.h; sourceTree = "<group>"; };
		783EAED41F9B169F0089DCEB /* JCMomentsRequestManager.m */ = {isa = PBXFileReference; lastKnownFileType = sourcecode.c.objc; path = JCMomentsRequestManager.m; sourceTree = "<group>"; };
		783EAED61F9B18110089DCEB /* JCNavigationViewController.h */ = {isa = PBXFileReference; lastKnownFileType = sourcecode.c.h; path = JCNavigationViewController.h; sourceTree = "<group>"; };
		783EAED71F9B18110089DCEB /* JCNavigationViewController.m */ = {isa = PBXFileReference; lastKnownFileType = sourcecode.c.objc; path = JCNavigationViewController.m; sourceTree = "<group>"; };
		783EAEDA1F9B1C6B0089DCEB /* JCMomentsViewModel.h */ = {isa = PBXFileReference; lastKnownFileType = sourcecode.c.h; path = JCMomentsViewModel.h; sourceTree = "<group>"; };
		783EAEDB1F9B1C6B0089DCEB /* JCMomentsViewModel.m */ = {isa = PBXFileReference; lastKnownFileType = sourcecode.c.objc; path = JCMomentsViewModel.m; sourceTree = "<group>"; };
		783EAEDD1F9B1DDE0089DCEB /* JCUserInfoModel.h */ = {isa = PBXFileReference; lastKnownFileType = sourcecode.c.h; path = JCUserInfoModel.h; sourceTree = "<group>"; };
		783EAEDE1F9B1DDE0089DCEB /* JCUserInfoModel.m */ = {isa = PBXFileReference; lastKnownFileType = sourcecode.c.objc; path = JCUserInfoModel.m; sourceTree = "<group>"; };
		783EAEE01F9B20A20089DCEB /* JCSingleTweetModel.h */ = {isa = PBXFileReference; lastKnownFileType = sourcecode.c.h; path = JCSingleTweetModel.h; sourceTree = "<group>"; };
		783EAEE11F9B20A20089DCEB /* JCSingleTweetModel.m */ = {isa = PBXFileReference; lastKnownFileType = sourcecode.c.objc; path = JCSingleTweetModel.m; sourceTree = "<group>"; };
		783EAEE31F9B215B0089DCEB /* JCMomentsSenderModel.h */ = {isa = PBXFileReference; lastKnownFileType = sourcecode.c.h; path = JCMomentsSenderModel.h; sourceTree = "<group>"; };
		783EAEE41F9B215B0089DCEB /* JCMomentsSenderModel.m */ = {isa = PBXFileReference; lastKnownFileType = sourcecode.c.objc; path = JCMomentsSenderModel.m; sourceTree = "<group>"; };
		783EAEE61F9B21F20089DCEB /* JCMomentsCommentModel.h */ = {isa = PBXFileReference; lastKnownFileType = sourcecode.c.h; path = JCMomentsCommentModel.h; sourceTree = "<group>"; };
		783EAEE71F9B21F20089DCEB /* JCMomentsCommentModel.m */ = {isa = PBXFileReference; lastKnownFileType = sourcecode.c.objc; path = JCMomentsCommentModel.m; sourceTree = "<group>"; };
		783EAEE91F9B22250089DCEB /* JCMomentsImageModel.h */ = {isa = PBXFileReference; lastKnownFileType = sourcecode.c.h; path = JCMomentsImageModel.h; sourceTree = "<group>"; };
		783EAEEA1F9B22250089DCEB /* JCMomentsImageModel.m */ = {isa = PBXFileReference; lastKnownFileType = sourcecode.c.objc; path = JCMomentsImageModel.m; sourceTree = "<group>"; };
		783EAEEC1F9B28250089DCEB /* JCMomentsHeaderView.h */ = {isa = PBXFileReference; lastKnownFileType = sourcecode.c.h; path = JCMomentsHeaderView.h; sourceTree = "<group>"; };
		783EAEED1F9B28250089DCEB /* JCMomentsHeaderView.m */ = {isa = PBXFileReference; lastKnownFileType = sourcecode.c.objc; path = JCMomentsHeaderView.m; sourceTree = "<group>"; };
		783EAEEF1F9B2F4A0089DCEB /* JCDefine.h */ = {isa = PBXFileReference; lastKnownFileType = sourcecode.c.h; path = JCDefine.h; sourceTree = "<group>"; };
		783EAEF11F9B42140089DCEB /* UIImageView+ImageCache.h */ = {isa = PBXFileReference; lastKnownFileType = sourcecode.c.h; path = "UIImageView+ImageCache.h"; sourceTree = "<group>"; };
		783EAEF21F9B42140089DCEB /* UIImageView+ImageCache.m */ = {isa = PBXFileReference; lastKnownFileType = sourcecode.c.objc; path = "UIImageView+ImageCache.m"; sourceTree = "<group>"; };
		783EAEF41F9B45FD0089DCEB /* JCImageLoader.h */ = {isa = PBXFileReference; lastKnownFileType = sourcecode.c.h; path = JCImageLoader.h; sourceTree = "<group>"; };
		783EAEF51F9B45FD0089DCEB /* JCImageLoader.m */ = {isa = PBXFileReference; lastKnownFileType = sourcecode.c.objc; path = JCImageLoader.m; sourceTree = "<group>"; };
		783EAEF71F9B48970089DCEB /* JCImageCache.h */ = {isa = PBXFileReference; lastKnownFileType = sourcecode.c.h; path = JCImageCache.h; sourceTree = "<group>"; };
		783EAEF81F9B48970089DCEB /* JCImageCache.m */ = {isa = PBXFileReference; lastKnownFileType = sourcecode.c.objc; path = JCImageCache.m; sourceTree = "<group>"; };
		9EDF7235D672BC408165C2D0 /* libPods-JacobWechatMoments.a */ = {isa = PBXFileReference; explicitFileType = archive.ar; includeInIndex = 0; path = "libPods-JacobWechatMoments.a"; sourceTree = BUILT_PRODUCTS_DIR; };
/* End PBXFileReference section */

/* Begin PBXFrameworksBuildPhase section */
		783EAE861F99E0000089DCEB /* Frameworks */ = {
			isa = PBXFrameworksBuildPhase;
			buildActionMask = 2147483647;
			files = (
				D923B2099B3969B36FB8261A /* libPods-JacobWechatMoments.a in Frameworks */,
			);
			runOnlyForDeploymentPostprocessing = 0;
		};
		783EAE9E1F99E0000089DCEB /* Frameworks */ = {
			isa = PBXFrameworksBuildPhase;
			buildActionMask = 2147483647;
			files = (
			);
			runOnlyForDeploymentPostprocessing = 0;
		};
		783EAEA91F99E0000089DCEB /* Frameworks */ = {
			isa = PBXFrameworksBuildPhase;
			buildActionMask = 2147483647;
			files = (
			);
			runOnlyForDeploymentPostprocessing = 0;
		};
/* End PBXFrameworksBuildPhase section */

/* Begin PBXGroup section */
		557D5D89246CD5777E74D4FD /* Frameworks */ = {
			isa = PBXGroup;
			children = (
				9EDF7235D672BC408165C2D0 /* libPods-JacobWechatMoments.a */,
			);
			name = Frameworks;
			sourceTree = "<group>";
		};
		783EAE801F99E0000089DCEB = {
			isa = PBXGroup;
			children = (
				783EAE8B1F99E0000089DCEB /* JacobWechatMoments */,
				783EAEA41F99E0000089DCEB /* JacobWechatMomentsTests */,
				783EAEAF1F99E0000089DCEB /* JacobWechatMomentsUITests */,
				783EAE8A1F99E0000089DCEB /* Products */,
				C22918F5274A1B2489D32710 /* Pods */,
				557D5D89246CD5777E74D4FD /* Frameworks */,
			);
			sourceTree = "<group>";
		};
		783EAE8A1F99E0000089DCEB /* Products */ = {
			isa = PBXGroup;
			children = (
				783EAE891F99E0000089DCEB /* JacobWechatMoments.app */,
				783EAEA11F99E0000089DCEB /* JacobWechatMomentsTests.xctest */,
				783EAEAC1F99E0000089DCEB /* JacobWechatMomentsUITests.xctest */,
			);
			name = Products;
			sourceTree = "<group>";
		};
		783EAE8B1F99E0000089DCEB /* JacobWechatMoments */ = {
			isa = PBXGroup;
			children = (
				783EAEC01F99EDDE0089DCEB /* Class */,
				783EAEBF1F99EDDE0089DCEB /* Library */,
				783EAE8C1F99E0000089DCEB /* AppDelegate.h */,
				783EAE8D1F99E0000089DCEB /* AppDelegate.m */,
				783EAE8F1F99E0000089DCEB /* ViewController.h */,
				783EAE901F99E0000089DCEB /* ViewController.m */,
				783EAE921F99E0000089DCEB /* Main.storyboard */,
				783EAE951F99E0000089DCEB /* Assets.xcassets */,
				783EAE971F99E0000089DCEB /* LaunchScreen.storyboard */,
				783EAE9A1F99E0000089DCEB /* Info.plist */,
				783EAE9B1F99E0000089DCEB /* main.m */,
				783EAEBE1F99E81A0089DCEB /* PrefixHeader.pch */,
				783EAEEF1F9B2F4A0089DCEB /* JCDefine.h */,
			);
			path = JacobWechatMoments;
			sourceTree = "<group>";
		};
		783EAEA41F99E0000089DCEB /* JacobWechatMomentsTests */ = {
			isa = PBXGroup;
			children = (
				783EAEA51F99E0000089DCEB /* JacobWechatMomentsTests.m */,
				783EAEA71F99E0000089DCEB /* Info.plist */,
			);
			path = JacobWechatMomentsTests;
			sourceTree = "<group>";
		};
		783EAEAF1F99E0000089DCEB /* JacobWechatMomentsUITests */ = {
			isa = PBXGroup;
			children = (
				783EAEB01F99E0000089DCEB /* JacobWechatMomentsUITests.m */,
				783EAEB21F99E0000089DCEB /* Info.plist */,
			);
			path = JacobWechatMomentsUITests;
			sourceTree = "<group>";
		};
		783EAEBF1F99EDDE0089DCEB /* Library */ = {
			isa = PBXGroup;
			children = (
				783EAEF01F9B40E90089DCEB /* ImageCache */,
			);
			path = Library;
			sourceTree = "<group>";
		};
		783EAEC01F99EDDE0089DCEB /* Class */ = {
			isa = PBXGroup;
			children = (
				783EAEC91F99EFC70089DCEB /* Base */,
				783EAEC11F99EDDE0089DCEB /* Moments */,
			);
			path = Class;
			sourceTree = "<group>";
		};
		783EAEC11F99EDDE0089DCEB /* Moments */ = {
			isa = PBXGroup;
			children = (
				783EAEC21F99EDDE0089DCEB /* Controller */,
				783EAED91F9B1C4F0089DCEB /* ViewModel */,
				783EAEC31F99EDDE0089DCEB /* Model */,
				783EAEC41F99EDDE0089DCEB /* Network */,
				783EAEC51F99EDDE0089DCEB /* View */,
			);
			path = Moments;
			sourceTree = "<group>";
		};
		783EAEC21F99EDDE0089DCEB /* Controller */ = {
			isa = PBXGroup;
			children = (
				783EAEC61F99EDFE0089DCEB /* JCMomentsViewController.h */,
				783EAEC71F99EDFE0089DCEB /* JCMomentsViewController.m */,
			);
			path = Controller;
			sourceTree = "<group>";
		};
		783EAEC31F99EDDE0089DCEB /* Model */ = {
			isa = PBXGroup;
			children = (
				783EAEDD1F9B1DDE0089DCEB /* JCUserInfoModel.h */,
				783EAEDE1F9B1DDE0089DCEB /* JCUserInfoModel.m */,
				783EAEE01F9B20A20089DCEB /* JCSingleTweetModel.h */,
				783EAEE11F9B20A20089DCEB /* JCSingleTweetModel.m */,
				783EAEE31F9B215B0089DCEB /* JCMomentsSenderModel.h */,
				783EAEE41F9B215B0089DCEB /* JCMomentsSenderModel.m */,
				783EAEE61F9B21F20089DCEB /* JCMomentsCommentModel.h */,
				783EAEE71F9B21F20089DCEB /* JCMomentsCommentModel.m */,
				783EAEE91F9B22250089DCEB /* JCMomentsImageModel.h */,
				783EAEEA1F9B22250089DCEB /* JCMomentsImageModel.m */,
			);
			path = Model;
			sourceTree = "<group>";
		};
		783EAEC41F99EDDE0089DCEB /* Network */ = {
			isa = PBXGroup;
			children = (
				783EAECD1F9B14D70089DCEB /* JCGetUserRequest.h */,
				783EAECE1F9B14D70089DCEB /* JCGetUserRequest.m */,
				783EAED01F9B15AF0089DCEB /* JCGetTweetsRequest.h */,
				783EAED11F9B15AF0089DCEB /* JCGetTweetsRequest.m */,
				783EAED31F9B169F0089DCEB /* JCMomentsRequestManager.h */,
				783EAED41F9B169F0089DCEB /* JCMomentsRequestManager.m */,
			);
			path = Network;
			sourceTree = "<group>";
		};
		783EAEC51F99EDDE0089DCEB /* View */ = {
			isa = PBXGroup;
			children = (
				783EAEEC1F9B28250089DCEB /* JCMomentsHeaderView.h */,
				783EAEED1F9B28250089DCEB /* JCMomentsHeaderView.m */,
			);
			path = View;
			sourceTree = "<group>";
		};
		783EAEC91F99EFC70089DCEB /* Base */ = {
			isa = PBXGroup;
			children = (
				783EAECA1F99F13F0089DCEB /* JCRequest.h */,
				783EAECB1F99F13F0089DCEB /* JCRequest.m */,
				783EAED61F9B18110089DCEB /* JCNavigationViewController.h */,
				783EAED71F9B18110089DCEB /* JCNavigationViewController.m */,
			);
			path = Base;
			sourceTree = "<group>";
		};
		783EAED91F9B1C4F0089DCEB /* ViewModel */ = {
			isa = PBXGroup;
			children = (
				783EAEDA1F9B1C6B0089DCEB /* JCMomentsViewModel.h */,
				783EAEDB1F9B1C6B0089DCEB /* JCMomentsViewModel.m */,
			);
			path = ViewModel;
			sourceTree = "<group>";
		};
		783EAEF01F9B40E90089DCEB /* ImageCache */ = {
			isa = PBXGroup;
			children = (
				783EAEF11F9B42140089DCEB /* UIImageView+ImageCache.h */,
				783EAEF21F9B42140089DCEB /* UIImageView+ImageCache.m */,
				783EAEF41F9B45FD0089DCEB /* JCImageLoader.h */,
				783EAEF51F9B45FD0089DCEB /* JCImageLoader.m */,
				783EAEF71F9B48970089DCEB /* JCImageCache.h */,
				783EAEF81F9B48970089DCEB /* JCImageCache.m */,
			);
			path = ImageCache;
			sourceTree = "<group>";
		};
		C22918F5274A1B2489D32710 /* Pods */ = {
			isa = PBXGroup;
			children = (
				1EFDA764F78BD5BB285C24A3 /* Pods-JacobWechatMoments.debug.xcconfig */,
				68E5047DEE1AD9D0006F77A7 /* Pods-JacobWechatMoments.release.xcconfig */,
			);
			name = Pods;
			sourceTree = "<group>";
		};
/* End PBXGroup section */

/* Begin PBXNativeTarget section */
		783EAE881F99E0000089DCEB /* JacobWechatMoments */ = {
			isa = PBXNativeTarget;
			buildConfigurationList = 783EAEB51F99E0000089DCEB /* Build configuration list for PBXNativeTarget "JacobWechatMoments" */;
			buildPhases = (
				D680F88334AEA5C6A7BF2816 /* [CP] Check Pods Manifest.lock */,
				783EAE851F99E0000089DCEB /* Sources */,
				783EAE861F99E0000089DCEB /* Frameworks */,
				783EAE871F99E0000089DCEB /* Resources */,
				61EA5BA1D1E706734967E4A7 /* [CP] Embed Pods Frameworks */,
				24226F6433D62D017050545C /* [CP] Copy Pods Resources */,
			);
			buildRules = (
			);
			dependencies = (
			);
			name = JacobWechatMoments;
			productName = JacobWechatMoments;
			productReference = 783EAE891F99E0000089DCEB /* JacobWechatMoments.app */;
			productType = "com.apple.product-type.application";
		};
		783EAEA01F99E0000089DCEB /* JacobWechatMomentsTests */ = {
			isa = PBXNativeTarget;
			buildConfigurationList = 783EAEB81F99E0000089DCEB /* Build configuration list for PBXNativeTarget "JacobWechatMomentsTests" */;
			buildPhases = (
				783EAE9D1F99E0000089DCEB /* Sources */,
				783EAE9E1F99E0000089DCEB /* Frameworks */,
				783EAE9F1F99E0000089DCEB /* Resources */,
			);
			buildRules = (
			);
			dependencies = (
				783EAEA31F99E0000089DCEB /* PBXTargetDependency */,
			);
			name = JacobWechatMomentsTests;
			productName = JacobWechatMomentsTests;
			productReference = 783EAEA11F99E0000089DCEB /* JacobWechatMomentsTests.xctest */;
			productType = "com.apple.product-type.bundle.unit-test";
		};
		783EAEAB1F99E0000089DCEB /* JacobWechatMomentsUITests */ = {
			isa = PBXNativeTarget;
			buildConfigurationList = 783EAEBB1F99E0000089DCEB /* Build configuration list for PBXNativeTarget "JacobWechatMomentsUITests" */;
			buildPhases = (
				783EAEA81F99E0000089DCEB /* Sources */,
				783EAEA91F99E0000089DCEB /* Frameworks */,
				783EAEAA1F99E0000089DCEB /* Resources */,
			);
			buildRules = (
			);
			dependencies = (
				783EAEAE1F99E0000089DCEB /* PBXTargetDependency */,
			);
			name = JacobWechatMomentsUITests;
			productName = JacobWechatMomentsUITests;
			productReference = 783EAEAC1F99E0000089DCEB /* JacobWechatMomentsUITests.xctest */;
			productType = "com.apple.product-type.bundle.ui-testing";
		};
/* End PBXNativeTarget section */

/* Begin PBXProject section */
		783EAE811F99E0000089DCEB /* Project object */ = {
			isa = PBXProject;
			attributes = {
				LastUpgradeCheck = 0900;
				ORGANIZATIONNAME = "陈波";
				TargetAttributes = {
					783EAE881F99E0000089DCEB = {
						CreatedOnToolsVersion = 9.0;
						ProvisioningStyle = Automatic;
					};
					783EAEA01F99E0000089DCEB = {
						CreatedOnToolsVersion = 9.0;
						ProvisioningStyle = Automatic;
						TestTargetID = 783EAE881F99E0000089DCEB;
					};
					783EAEAB1F99E0000089DCEB = {
						CreatedOnToolsVersion = 9.0;
						ProvisioningStyle = Automatic;
						TestTargetID = 783EAE881F99E0000089DCEB;
					};
				};
			};
			buildConfigurationList = 783EAE841F99E0000089DCEB /* Build configuration list for PBXProject "JacobWechatMoments" */;
			compatibilityVersion = "Xcode 8.0";
			developmentRegion = en;
			hasScannedForEncodings = 0;
			knownRegions = (
				en,
				Base,
			);
			mainGroup = 783EAE801F99E0000089DCEB;
			productRefGroup = 783EAE8A1F99E0000089DCEB /* Products */;
			projectDirPath = "";
			projectRoot = "";
			targets = (
				783EAE881F99E0000089DCEB /* JacobWechatMoments */,
				783EAEA01F99E0000089DCEB /* JacobWechatMomentsTests */,
				783EAEAB1F99E0000089DCEB /* JacobWechatMomentsUITests */,
			);
		};
/* End PBXProject section */

/* Begin PBXResourcesBuildPhase section */
		783EAE871F99E0000089DCEB /* Resources */ = {
			isa = PBXResourcesBuildPhase;
			buildActionMask = 2147483647;
			files = (
				783EAE991F99E0000089DCEB /* LaunchScreen.storyboard in Resources */,
				783EAE961F99E0000089DCEB /* Assets.xcassets in Resources */,
				783EAE941F99E0000089DCEB /* Main.storyboard in Resources */,
			);
			runOnlyForDeploymentPostprocessing = 0;
		};
		783EAE9F1F99E0000089DCEB /* Resources */ = {
			isa = PBXResourcesBuildPhase;
			buildActionMask = 2147483647;
			files = (
			);
			runOnlyForDeploymentPostprocessing = 0;
		};
		783EAEAA1F99E0000089DCEB /* Resources */ = {
			isa = PBXResourcesBuildPhase;
			buildActionMask = 2147483647;
			files = (
			);
			runOnlyForDeploymentPostprocessing = 0;
		};
/* End PBXResourcesBuildPhase section */

/* Begin PBXShellScriptBuildPhase section */
		24226F6433D62D017050545C /* [CP] Copy Pods Resources */ = {
			isa = PBXShellScriptBuildPhase;
			buildActionMask = 2147483647;
			files = (
			);
			inputPaths = (
			);
			name = "[CP] Copy Pods Resources";
			outputPaths = (
			);
			runOnlyForDeploymentPostprocessing = 0;
			shellPath = /bin/sh;
			shellScript = "\"${SRCROOT}/Pods/Target Support Files/Pods-JacobWechatMoments/Pods-JacobWechatMoments-resources.sh\"\n";
			showEnvVarsInLog = 0;
		};
		61EA5BA1D1E706734967E4A7 /* [CP] Embed Pods Frameworks */ = {
			isa = PBXShellScriptBuildPhase;
			buildActionMask = 2147483647;
			files = (
			);
			inputPaths = (
			);
			name = "[CP] Embed Pods Frameworks";
			outputPaths = (
			);
			runOnlyForDeploymentPostprocessing = 0;
			shellPath = /bin/sh;
			shellScript = "\"${SRCROOT}/Pods/Target Support Files/Pods-JacobWechatMoments/Pods-JacobWechatMoments-frameworks.sh\"\n";
			showEnvVarsInLog = 0;
		};
		D680F88334AEA5C6A7BF2816 /* [CP] Check Pods Manifest.lock */ = {
			isa = PBXShellScriptBuildPhase;
			buildActionMask = 2147483647;
			files = (
			);
			inputPaths = (
				"${PODS_PODFILE_DIR_PATH}/Podfile.lock",
				"${PODS_ROOT}/Manifest.lock",
			);
			name = "[CP] Check Pods Manifest.lock";
			outputPaths = (
				"$(DERIVED_FILE_DIR)/Pods-JacobWechatMoments-checkManifestLockResult.txt",
			);
			runOnlyForDeploymentPostprocessing = 0;
			shellPath = /bin/sh;
			shellScript = "diff \"${PODS_PODFILE_DIR_PATH}/Podfile.lock\" \"${PODS_ROOT}/Manifest.lock\" > /dev/null\nif [ $? != 0 ] ; then\n    # print error to STDERR\n    echo \"error: The sandbox is not in sync with the Podfile.lock. Run 'pod install' or update your CocoaPods installation.\" >&2\n    exit 1\nfi\n# This output is used by Xcode 'outputs' to avoid re-running this script phase.\necho \"SUCCESS\" > \"${SCRIPT_OUTPUT_FILE_0}\"\n";
			showEnvVarsInLog = 0;
		};
/* End PBXShellScriptBuildPhase section */

/* Begin PBXSourcesBuildPhase section */
		783EAE851F99E0000089DCEB /* Sources */ = {
			isa = PBXSourcesBuildPhase;
			buildActionMask = 2147483647;
			files = (
				783EAEE81F9B21F20089DCEB /* JCMomentsCommentModel.m in Sources */,
				783EAEE21F9B20A20089DCEB /* JCSingleTweetModel.m in Sources */,
				783EAED51F9B169F0089DCEB /* JCMomentsRequestManager.m in Sources */,
				783EAEF61F9B45FD0089DCEB /* JCImageLoader.m in Sources */,
				783EAE911F99E0000089DCEB /* ViewController.m in Sources */,
				783EAEEE1F9B28250089DCEB /* JCMomentsHeaderView.m in Sources */,
				783EAED21F9B15AF0089DCEB /* JCGetTweetsRequest.m in Sources */,
				783EAEE51F9B215B0089DCEB /* JCMomentsSenderModel.m in Sources */,
				783EAED81F9B18110089DCEB /* JCNavigationViewController.m in Sources */,
				783EAEDF1F9B1DDE0089DCEB /* JCUserInfoModel.m in Sources */,
				783EAE9C1F99E0000089DCEB /* main.m in Sources */,
				783EAEDC1F9B1C6B0089DCEB /* JCMomentsViewModel.m in Sources */,
				783EAECF1F9B14D70089DCEB /* JCGetUserRequest.m in Sources */,
				783EAE8E1F99E0000089DCEB /* AppDelegate.m in Sources */,
				783EAECC1F99F13F0089DCEB /* JCRequest.m in Sources */,
				783EAEC81F99EDFE0089DCEB /* JCMomentsViewController.m in Sources */,
				783EAEF31F9B42140089DCEB /* UIImageView+ImageCache.m in Sources */,
				783EAEEB1F9B22250089DCEB /* JCMomentsImageModel.m in Sources */,
				783EAEF91F9B48970089DCEB /* JCImageCache.m in Sources */,
			);
			runOnlyForDeploymentPostprocessing = 0;
		};
		783EAE9D1F99E0000089DCEB /* Sources */ = {
			isa = PBXSourcesBuildPhase;
			buildActionMask = 2147483647;
			files = (
				783EAEA61F99E0000089DCEB /* JacobWechatMomentsTests.m in Sources */,
			);
			runOnlyForDeploymentPostprocessing = 0;
		};
		783EAEA81F99E0000089DCEB /* Sources */ = {
			isa = PBXSourcesBuildPhase;
			buildActionMask = 2147483647;
			files = (
				783EAEB11F99E0000089DCEB /* JacobWechatMomentsUITests.m in Sources */,
			);
			runOnlyForDeploymentPostprocessing = 0;
		};
/* End PBXSourcesBuildPhase section */

/* Begin PBXTargetDependency section */
		783EAEA31F99E0000089DCEB /* PBXTargetDependency */ = {
			isa = PBXTargetDependency;
			target = 783EAE881F99E0000089DCEB /* JacobWechatMoments */;
			targetProxy = 783EAEA21F99E0000089DCEB /* PBXContainerItemProxy */;
		};
		783EAEAE1F99E0000089DCEB /* PBXTargetDependency */ = {
			isa = PBXTargetDependency;
			target = 783EAE881F99E0000089DCEB /* JacobWechatMoments */;
			targetProxy = 783EAEAD1F99E0000089DCEB /* PBXContainerItemProxy */;
		};
/* End PBXTargetDependency section */

/* Begin PBXVariantGroup section */
		783EAE921F99E0000089DCEB /* Main.storyboard */ = {
			isa = PBXVariantGroup;
			children = (
				783EAE931F99E0000089DCEB /* Base */,
			);
			name = Main.storyboard;
			sourceTree = "<group>";
		};
		783EAE971F99E0000089DCEB /* LaunchScreen.storyboard */ = {
			isa = PBXVariantGroup;
			children = (
				783EAE981F99E0000089DCEB /* Base */,
			);
			name = LaunchScreen.storyboard;
			sourceTree = "<group>";
		};
/* End PBXVariantGroup section */

/* Begin XCBuildConfiguration section */
		783EAEB31F99E0000089DCEB /* Debug */ = {
			isa = XCBuildConfiguration;
			buildSettings = {
				ALWAYS_SEARCH_USER_PATHS = NO;
				CLANG_ANALYZER_NONNULL = YES;
				CLANG_ANALYZER_NUMBER_OBJECT_CONVERSION = YES_AGGRESSIVE;
				CLANG_CXX_LANGUAGE_STANDARD = "gnu++14";
				CLANG_CXX_LIBRARY = "libc++";
				CLANG_ENABLE_MODULES = YES;
				CLANG_ENABLE_OBJC_ARC = YES;
				CLANG_WARN_BLOCK_CAPTURE_AUTORELEASING = YES;
				CLANG_WARN_BOOL_CONVERSION = YES;
				CLANG_WARN_COMMA = YES;
				CLANG_WARN_CONSTANT_CONVERSION = YES;
				CLANG_WARN_DIRECT_OBJC_ISA_USAGE = YES_ERROR;
				CLANG_WARN_DOCUMENTATION_COMMENTS = YES;
				CLANG_WARN_EMPTY_BODY = YES;
				CLANG_WARN_ENUM_CONVERSION = YES;
				CLANG_WARN_INFINITE_RECURSION = YES;
				CLANG_WARN_INT_CONVERSION = YES;
				CLANG_WARN_NON_LITERAL_NULL_CONVERSION = YES;
				CLANG_WARN_OBJC_LITERAL_CONVERSION = YES;
				CLANG_WARN_OBJC_ROOT_CLASS = YES_ERROR;
				CLANG_WARN_RANGE_LOOP_ANALYSIS = YES;
				CLANG_WARN_STRICT_PROTOTYPES = YES;
				CLANG_WARN_SUSPICIOUS_MOVE = YES;
				CLANG_WARN_UNGUARDED_AVAILABILITY = YES_AGGRESSIVE;
				CLANG_WARN_UNREACHABLE_CODE = YES;
				CLANG_WARN__DUPLICATE_METHOD_MATCH = YES;
				CODE_SIGN_IDENTITY = "iPhone Developer";
				COPY_PHASE_STRIP = NO;
				DEBUG_INFORMATION_FORMAT = dwarf;
				ENABLE_STRICT_OBJC_MSGSEND = YES;
				ENABLE_TESTABILITY = YES;
				GCC_C_LANGUAGE_STANDARD = gnu11;
				GCC_DYNAMIC_NO_PIC = NO;
				GCC_NO_COMMON_BLOCKS = YES;
				GCC_OPTIMIZATION_LEVEL = 0;
				GCC_PREPROCESSOR_DEFINITIONS = (
					"DEBUG=1",
					"$(inherited)",
				);
				GCC_WARN_64_TO_32_BIT_CONVERSION = YES;
				GCC_WARN_ABOUT_RETURN_TYPE = YES_ERROR;
				GCC_WARN_UNDECLARED_SELECTOR = YES;
				GCC_WARN_UNINITIALIZED_AUTOS = YES_AGGRESSIVE;
				GCC_WARN_UNUSED_FUNCTION = YES;
				GCC_WARN_UNUSED_VARIABLE = YES;
				IPHONEOS_DEPLOYMENT_TARGET = 11.0;
				MTL_ENABLE_DEBUG_INFO = YES;
				ONLY_ACTIVE_ARCH = YES;
				SDKROOT = iphoneos;
			};
			name = Debug;
		};
		783EAEB41F99E0000089DCEB /* Release */ = {
			isa = XCBuildConfiguration;
			buildSettings = {
				ALWAYS_SEARCH_USER_PATHS = NO;
				CLANG_ANALYZER_NONNULL = YES;
				CLANG_ANALYZER_NUMBER_OBJECT_CONVERSION = YES_AGGRESSIVE;
				CLANG_CXX_LANGUAGE_STANDARD = "gnu++14";
				CLANG_CXX_LIBRARY = "libc++";
				CLANG_ENABLE_MODULES = YES;
				CLANG_ENABLE_OBJC_ARC = YES;
				CLANG_WARN_BLOCK_CAPTURE_AUTORELEASING = YES;
				CLANG_WARN_BOOL_CONVERSION = YES;
				CLANG_WARN_COMMA = YES;
				CLANG_WARN_CONSTANT_CONVERSION = YES;
				CLANG_WARN_DIRECT_OBJC_ISA_USAGE = YES_ERROR;
				CLANG_WARN_DOCUMENTATION_COMMENTS = YES;
				CLANG_WARN_EMPTY_BODY = YES;
				CLANG_WARN_ENUM_CONVERSION = YES;
				CLANG_WARN_INFINITE_RECURSION = YES;
				CLANG_WARN_INT_CONVERSION = YES;
				CLANG_WARN_NON_LITERAL_NULL_CONVERSION = YES;
				CLANG_WARN_OBJC_LITERAL_CONVERSION = YES;
				CLANG_WARN_OBJC_ROOT_CLASS = YES_ERROR;
				CLANG_WARN_RANGE_LOOP_ANALYSIS = YES;
				CLANG_WARN_STRICT_PROTOTYPES = YES;
				CLANG_WARN_SUSPICIOUS_MOVE = YES;
				CLANG_WARN_UNGUARDED_AVAILABILITY = YES_AGGRESSIVE;
				CLANG_WARN_UNREACHABLE_CODE = YES;
				CLANG_WARN__DUPLICATE_METHOD_MATCH = YES;
				CODE_SIGN_IDENTITY = "iPhone Developer";
				COPY_PHASE_STRIP = NO;
				DEBUG_INFORMATION_FORMAT = "dwarf-with-dsym";
				ENABLE_NS_ASSERTIONS = NO;
				ENABLE_STRICT_OBJC_MSGSEND = YES;
				GCC_C_LANGUAGE_STANDARD = gnu11;
				GCC_NO_COMMON_BLOCKS = YES;
				GCC_WARN_64_TO_32_BIT_CONVERSION = YES;
				GCC_WARN_ABOUT_RETURN_TYPE = YES_ERROR;
				GCC_WARN_UNDECLARED_SELECTOR = YES;
				GCC_WARN_UNINITIALIZED_AUTOS = YES_AGGRESSIVE;
				GCC_WARN_UNUSED_FUNCTION = YES;
				GCC_WARN_UNUSED_VARIABLE = YES;
				IPHONEOS_DEPLOYMENT_TARGET = 11.0;
				MTL_ENABLE_DEBUG_INFO = NO;
				SDKROOT = iphoneos;
				VALIDATE_PRODUCT = YES;
			};
			name = Release;
		};
		783EAEB61F99E0000089DCEB /* Debug */ = {
			isa = XCBuildConfiguration;
			baseConfigurationReference = 1EFDA764F78BD5BB285C24A3 /* Pods-JacobWechatMoments.debug.xcconfig */;
			buildSettings = {
				ASSETCATALOG_COMPILER_APPICON_NAME = AppIcon;
				CODE_SIGN_STYLE = Automatic;
				DEVELOPMENT_TEAM = VDYKR66KN4;
				GCC_PREFIX_HEADER = JacobWechatMoments/PrefixHeader.pch;
				INFOPLIST_FILE = JacobWechatMoments/Info.plist;
				LD_RUNPATH_SEARCH_PATHS = "$(inherited) @executable_path/Frameworks";
				PRODUCT_BUNDLE_IDENTIFIER = com.jacob.JacobWechatMoments;
				PRODUCT_NAME = "$(TARGET_NAME)";
				TARGETED_DEVICE_FAMILY = "1,2";
			};
			name = Debug;
		};
		783EAEB71F99E0000089DCEB /* Release */ = {
			isa = XCBuildConfiguration;
			baseConfigurationReference = 68E5047DEE1AD9D0006F77A7 /* Pods-JacobWechatMoments.release.xcconfig */;
			buildSettings = {
				ASSETCATALOG_COMPILER_APPICON_NAME = AppIcon;
				CODE_SIGN_STYLE = Automatic;
				DEVELOPMENT_TEAM = VDYKR66KN4;
				GCC_PREFIX_HEADER = JacobWechatMoments/PrefixHeader.pch;
				INFOPLIST_FILE = JacobWechatMoments/Info.plist;
				LD_RUNPATH_SEARCH_PATHS = "$(inherited) @executable_path/Frameworks";
				PRODUCT_BUNDLE_IDENTIFIER = com.jacob.JacobWechatMoments;
				PRODUCT_NAME = "$(TARGET_NAME)";
				TARGETED_DEVICE_FAMILY = "1,2";
			};
			name = Release;
		};
		783EAEB91F99E0000089DCEB /* Debug */ = {
			isa = XCBuildConfiguration;
			buildSettings = {
				BUNDLE_LOADER = "$(TEST_HOST)";
				CODE_SIGN_STYLE = Automatic;
				DEVELOPMENT_TEAM = VDYKR66KN4;
				INFOPLIST_FILE = JacobWechatMomentsTests/Info.plist;
				LD_RUNPATH_SEARCH_PATHS = "$(inherited) @executable_path/Frameworks @loader_path/Frameworks";
				PRODUCT_BUNDLE_IDENTIFIER = com.jacob.JacobWechatMomentsTests;
				PRODUCT_NAME = "$(TARGET_NAME)";
				TARGETED_DEVICE_FAMILY = "1,2";
				TEST_HOST = "$(BUILT_PRODUCTS_DIR)/JacobWechatMoments.app/JacobWechatMoments";
			};
			name = Debug;
		};
		783EAEBA1F99E0000089DCEB /* Release */ = {
			isa = XCBuildConfiguration;
			buildSettings = {
				BUNDLE_LOADER = "$(TEST_HOST)";
				CODE_SIGN_STYLE = Automatic;
				DEVELOPMENT_TEAM = VDYKR66KN4;
				INFOPLIST_FILE = JacobWechatMomentsTests/Info.plist;
				LD_RUNPATH_SEARCH_PATHS = "$(inherited) @executable_path/Frameworks @loader_path/Frameworks";
				PRODUCT_BUNDLE_IDENTIFIER = com.jacob.JacobWechatMomentsTests;
				PRODUCT_NAME = "$(TARGET_NAME)";
				TARGETED_DEVICE_FAMILY = "1,2";
				TEST_HOST = "$(BUILT_PRODUCTS_DIR)/JacobWechatMoments.app/JacobWechatMoments";
			};
			name = Release;
		};
		783EAEBC1F99E0000089DCEB /* Debug */ = {
			isa = XCBuildConfiguration;
			buildSettings = {
				CODE_SIGN_STYLE = Automatic;
				DEVELOPMENT_TEAM = VDYKR66KN4;
				INFOPLIST_FILE = JacobWechatMomentsUITests/Info.plist;
				LD_RUNPATH_SEARCH_PATHS = "$(inherited) @executable_path/Frameworks @loader_path/Frameworks";
				PRODUCT_BUNDLE_IDENTIFIER = com.jacob.JacobWechatMomentsUITests;
				PRODUCT_NAME = "$(TARGET_NAME)";
				TARGETED_DEVICE_FAMILY = "1,2";
				TEST_TARGET_NAME = JacobWechatMoments;
			};
			name = Debug;
		};
		783EAEBD1F99E0000089DCEB /* Release */ = {
			isa = XCBuildConfiguration;
			buildSettings = {
				CODE_SIGN_STYLE = Automatic;
				DEVELOPMENT_TEAM = VDYKR66KN4;
				INFOPLIST_FILE = JacobWechatMomentsUITests/Info.plist;
				LD_RUNPATH_SEARCH_PATHS = "$(inherited) @executable_path/Frameworks @loader_path/Frameworks";
				PRODUCT_BUNDLE_IDENTIFIER = com.jacob.JacobWechatMomentsUITests;
				PRODUCT_NAME = "$(TARGET_NAME)";
				TARGETED_DEVICE_FAMILY = "1,2";
				TEST_TARGET_NAME = JacobWechatMoments;
			};
			name = Release;
		};
/* End XCBuildConfiguration section */

/* Begin XCConfigurationList section */
		783EAE841F99E0000089DCEB /* Build configuration list for PBXProject "JacobWechatMoments" */ = {
			isa = XCConfigurationList;
			buildConfigurations = (
				783EAEB31F99E0000089DCEB /* Debug */,
				783EAEB41F99E0000089DCEB /* Release */,
			);
			defaultConfigurationIsVisible = 0;
			defaultConfigurationName = Release;
		};
		783EAEB51F99E0000089DCEB /* Build configuration list for PBXNativeTarget "JacobWechatMoments" */ = {
			isa = XCConfigurationList;
			buildConfigurations = (
				783EAEB61F99E0000089DCEB /* Debug */,
				783EAEB71F99E0000089DCEB /* Release */,
			);
			defaultConfigurationIsVisible = 0;
			defaultConfigurationName = Release;
		};
		783EAEB81F99E0000089DCEB /* Build configuration list for PBXNativeTarget "JacobWechatMomentsTests" */ = {
			isa = XCConfigurationList;
			buildConfigurations = (
				783EAEB91F99E0000089DCEB /* Debug */,
				783EAEBA1F99E0000089DCEB /* Release */,
			);
			defaultConfigurationIsVisible = 0;
			defaultConfigurationName = Release;
		};
		783EAEBB1F99E0000089DCEB /* Build configuration list for PBXNativeTarget "JacobWechatMomentsUITests" */ = {
			isa = XCConfigurationList;
			buildConfigurations = (
				783EAEBC1F99E0000089DCEB /* Debug */,
				783EAEBD1F99E0000089DCEB /* Release */,
			);
			defaultConfigurationIsVisible = 0;
			defaultConfigurationName = Release;
		};
/* End XCConfigurationList section */
	};
	rootObject = 783EAE811F99E0000089DCEB /* Project object */;
}
